// !$*UTF8*$!
{
	archiveVersion = 1;
	classes = {
	};
	objectVersion = 50;
	objects = {

/* Begin PBXBuildFile section */
		B74F8ABA23FC9ED300CDD9F1 /* AppDelegate.swift in Sources */ = {isa = PBXBuildFile; fileRef = B74F8AB923FC9ED300CDD9F1 /* AppDelegate.swift */; };
		B74F8ABC23FC9ED300CDD9F1 /* ViewController.swift in Sources */ = {isa = PBXBuildFile; fileRef = B74F8ABB23FC9ED300CDD9F1 /* ViewController.swift */; };
		B74F8ABF23FC9ED300CDD9F1 /* Main.storyboard in Resources */ = {isa = PBXBuildFile; fileRef = B74F8ABD23FC9ED300CDD9F1 /* Main.storyboard */; };
		B74F8AC123FC9ED400CDD9F1 /* Assets.xcassets in Resources */ = {isa = PBXBuildFile; fileRef = B74F8AC023FC9ED400CDD9F1 /* Assets.xcassets */; };
		B74F8AC423FC9ED400CDD9F1 /* LaunchScreen.storyboard in Resources */ = {isa = PBXBuildFile; fileRef = B74F8AC223FC9ED400CDD9F1 /* LaunchScreen.storyboard */; };
/* End PBXBuildFile section */

/* Begin PBXFileReference section */
		B74F8AB623FC9ED300CDD9F1 /* firstGUI.app */ = {isa = PBXFileReference; explicitFileType = wrapper.application; includeInIndex = 0; path = firstGUI.app; sourceTree = BUILT_PRODUCTS_DIR; };
		B74F8AB923FC9ED300CDD9F1 /* AppDelegate.swift */ = {isa = PBXFileReference; lastKnownFileType = sourcecode.swift; path = AppDelegate.swift; sourceTree = "<group>"; };
		B74F8ABB23FC9ED300CDD9F1 /* ViewController.swift */ = {isa = PBXFileReference; lastKnownFileType = sourcecode.swift; path = ViewController.swift; sourceTree = "<group>"; };
		B74F8ABE23FC9ED300CDD9F1 /* Base */ = {isa = PBXFileReference; lastKnownFileType = file.storyboard; name = Base; path = Base.lproj/Main.storyboard; sourceTree = "<group>"; };
		B74F8AC023FC9ED400CDD9F1 /* Assets.xcassets */ = {isa = PBXFileReference; lastKnownFileType = folder.assetcatalog; path = Assets.xcassets; sourceTree = "<group>"; };
		B74F8AC323FC9ED400CDD9F1 /* Base */ = {isa = PBXFileReference; lastKnownFileType = file.storyboard; name = Base; path = Base.lproj/LaunchScreen.storyboard; sourceTree = "<group>"; };
		B74F8AC523FC9ED400CDD9F1 /* Info.plist */ = {isa = PBXFileReference; lastKnownFileType = text.plist.xml; path = Info.plist; sourceTree = "<group>"; };
/* End PBXFileReference section */

/* Begin PBXFrameworksBuildPhase section */
		B74F8AB323FC9ED300CDD9F1 /* Frameworks */ = {
			isa = PBXFrameworksBuildPhase;
			buildActionMask = 2147483647;
			files = (
			);
			runOnlyForDeploymentPostprocessing = 0;
		};
/* End PBXFrameworksBuildPhase section */

/* Begin PBXGroup section */
		B74F8AAD23FC9ED300CDD9F1 = {
			isa = PBXGroup;
			children = (
				B74F8AB823FC9ED300CDD9F1 /* firstGUI */,
				B74F8AB723FC9ED300CDD9F1 /* Products */,
			);
			sourceTree = "<group>";
		};
		B74F8AB723FC9ED300CDD9F1 /* Products */ = {
			isa = PBXGroup;
			children = (
				B74F8AB623FC9ED300CDD9F1 /* firstGUI.app */,
			);
			name = Products;
			sourceTree = "<group>";
		};
		B74F8AB823FC9ED300CDD9F1 /* firstGUI */ = {
			isa = PBXGroup;
			children = (
				B74F8AB923FC9ED300CDD9F1 /* AppDelegate.swift */,
				B74F8ABB23FC9ED300CDD9F1 /* ViewController.swift */,
				B74F8ABD23FC9ED300CDD9F1 /* Main.storyboard */,
				B74F8AC023FC9ED400CDD9F1 /* Assets.xcassets */,
				B74F8AC223FC9ED400CDD9F1 /* LaunchScreen.storyboard */,
				B74F8AC523FC9ED400CDD9F1 /* Info.plist */,
			);
			path = firstGUI;
			sourceTree = "<group>";
		};
/* End PBXGroup section */

/* Begin PBXNativeTarget section */
		B74F8AB523FC9ED300CDD9F1 /* firstGUI */ = {
			isa = PBXNativeTarget;
			buildConfigurationList = B74F8AC823FC9ED400CDD9F1 /* Build configuration list for PBXNativeTarget "firstGUI" */;
			buildPhases = (
				B74F8AB223FC9ED300CDD9F1 /* Sources */,
				B74F8AB323FC9ED300CDD9F1 /* Frameworks */,
				B74F8AB423FC9ED300CDD9F1 /* Resources */,
			);
			buildRules = (
			);
			dependencies = (
			);
			name = firstGUI;
			productName = firstGUI;
			productReference = B74F8AB623FC9ED300CDD9F1 /* firstGUI.app */;
			productType = "com.apple.product-type.application";
		};
/* End PBXNativeTarget section */

/* Begin PBXProject section */
		B74F8AAE23FC9ED300CDD9F1 /* Project object */ = {
			isa = PBXProject;
			attributes = {
				LastSwiftUpdateCheck = 1020;
				LastUpgradeCheck = 1020;
				ORGANIZATIONNAME = zeedev;
				TargetAttributes = {
					B74F8AB523FC9ED300CDD9F1 = {
						CreatedOnToolsVersion = 10.2;
					};
				};
			};
			buildConfigurationList = B74F8AB123FC9ED300CDD9F1 /* Build configuration list for PBXProject "firstGUI" */;
			compatibilityVersion = "Xcode 9.3";
			developmentRegion = en;
			hasScannedForEncodings = 0;
			knownRegions = (
				en,
				Base,
			);
			mainGroup = B74F8AAD23FC9ED300CDD9F1;
			productRefGroup = B74F8AB723FC9ED300CDD9F1 /* Products */;
			projectDirPath = "";
			projectRoot = "";
			targets = (
				B74F8AB523FC9ED300CDD9F1 /* firstGUI */,
			);
		};
/* End PBXProject section */

/* Begin PBXResourcesBuildPhase section */
		B74F8AB423FC9ED300CDD9F1 /* Resources */ = {
			isa = PBXResourcesBuildPhase;
			buildActionMask = 2147483647;
			files = (
				B74F8AC423FC9ED400CDD9F1 /* LaunchScreen.storyboard in Resources */,
				B74F8AC123FC9ED400CDD9F1 /* Assets.xcassets in Resources */,
				B74F8ABF23FC9ED300CDD9F1 /* Main.storyboard in Resources */,
			);
			runOnlyForDeploymentPostprocessing = 0;
		};
/* End PBXResourcesBuildPhase section */

/* Begin PBXSourcesBuildPhase section */
		B74F8AB223FC9ED300CDD9F1 /* Sources */ = {
			isa = PBXSourcesBuildPhase;
			buildActionMask = 2147483647;
			files = (
				B74F8ABC23FC9ED300CDD9F1 /* ViewController.swift in Sources */,
				B74F8ABA23FC9ED300CDD9F1 /* AppDelegate.swift in Sources */,
			);
			runOnlyForDeploymentPostprocessing = 0;
		};
/* End PBXSourcesBuildPhase section */

/* Begin PBXVariantGroup section */
		B74F8ABD23FC9ED300CDD9F1 /* Main.storyboard */ = {
			isa = PBXVariantGroup;
			children = (
				B74F8ABE23FC9ED300CDD9F1 /* Base */,
			);
			name = Main.storyboard;
			sourceTree = "<group>";
		};
		B74F8AC223FC9ED400CDD9F1 /* LaunchScreen.storyboard */ = {
			isa = PBXVariantGroup;
			children = (
				B74F8AC323FC9ED400CDD9F1 /* Base */,
			);
			name = LaunchScreen.storyboard;
			sourceTree = "<group>";
		};
/* End PBXVariantGroup section */

/* Begin XCBuildConfiguration section */
		B74F8AC623FC9ED400CDD9F1 /* Debug */ = {
			isa = XCBuildConfiguration;
			buildSettings = {
				ALWAYS_SEARCH_USER_PATHS = NO;
				CLANG_ANALYZER_NONNULL = YES;
				CLANG_ANALYZER_NUMBER_OBJECT_CONVERSION = YES_AGGRESSIVE;
				CLANG_CXX_LANGUAGE_STANDARD = "gnu++14";
				CLANG_CXX_LIBRARY = "libc++";
				CLANG_ENABLE_MODULES = YES;
				CLANG_ENABLE_OBJC_ARC = YES;
				CLANG_ENABLE_OBJC_WEAK = YES;
				CLANG_WARN_BLOCK_CAPTURE_AUTORELEASING = YES;
				CLANG_WARN_BOOL_CONVERSION = YES;
				CLANG_WARN_COMMA = YES;
				CLANG_WARN_CONSTANT_CONVERSION = YES;
				CLANG_WARN_DEPRECATED_OBJC_IMPLEMENTATIONS = YES;
				CLANG_WARN_DIRECT_OBJC_ISA_USAGE = YES_ERROR;
				CLANG_WARN_DOCUMENTATION_COMMENTS = YES;
				CLANG_WARN_EMPTY_BODY = YES;
				CLANG_WARN_ENUM_CONVERSION = YES;
				CLANG_WARN_INFINITE_RECURSION = YES;
				CLANG_WARN_INT_CONVERSION = YES;
				CLANG_WARN_NON_LITERAL_NULL_CONVERSION = YES;
				CLANG_WARN_OBJC_IMPLICIT_RETAIN_SELF = YES;
				CLANG_WARN_OBJC_LITERAL_CONVERSION = YES;
				CLANG_WARN_OBJC_ROOT_CLASS = YES_ERROR;
				CLANG_WARN_RANGE_LOOP_ANALYSIS = YES;
				CLANG_WARN_STRICT_PROTOTYPES = YES;
				CLANG_WARN_SUSPICIOUS_MOVE = YES;
				CLANG_WARN_UNGUARDED_AVAILABILITY = YES_AGGRESSIVE;
				CLANG_WARN_UNREACHABLE_CODE = YES;
				CLANG_WARN__DUPLICATE_METHOD_MATCH = YES;
				CODE_SIGN_IDENTITY = "iPhone Developer";
				COPY_PHASE_STRIP = NO;
				DEBUG_INFORMATION_FORMAT = dwarf;
				ENABLE_STRICT_OBJC_MSGSEND = YES;
				ENABLE_TESTABILITY = YES;
				GCC_C_LANGUAGE_STANDARD = gnu11;
				GCC_DYNAMIC_NO_PIC = NO;
				GCC_NO_COMMON_BLOCKS = YES;
				GCC_OPTIMIZATION_LEVEL = 0;
				GCC_PREPROCESSOR_DEFINITIONS = (
					"DEBUG=1",
					"$(inherited)",
				);
				GCC_WARN_64_TO_32_BIT_CONVERSION = YES;
				GCC_WARN_ABOUT_RETURN_TYPE = YES_ERROR;
				GCC_WARN_UNDECLARED_SELECTOR = YES;
				GCC_WARN_UNINITIALIZED_AUTOS = YES_AGGRESSIVE;
				GCC_WARN_UNUSED_FUNCTION = YES;
				GCC_WARN_UNUSED_VARIABLE = YES;
				IPHONEOS_DEPLOYMENT_TARGET = 12.2;
				MTL_ENABLE_DEBUG_INFO = INCLUDE_SOURCE;
				MTL_FAST_MATH = YES;
				ONLY_ACTIVE_ARCH = YES;
				SDKROOT = iphoneos;
				SWIFT_ACTIVE_COMPILATION_CONDITIONS = DEBUG;
				SWIFT_OPTIMIZATION_LEVEL = "-Onone";
			};
			name = Debug;
		};
		B74F8AC723FC9ED400CDD9F1 /* Release */ = {
			isa = XCBuildConfiguration;
			buildSettings = {
				ALWAYS_SEARCH_USER_PATHS = NO;
				CLANG_ANALYZER_NONNULL = YES;
				CLANG_ANALYZER_NUMBER_OBJECT_CONVERSION = YES_AGGRESSIVE;
				CLANG_CXX_LANGUAGE_STANDARD = "gnu++14";
				CLANG_CXX_LIBRARY = "libc++";
				CLANG_ENABLE_MODULES = YES;
				CLANG_ENABLE_OBJC_ARC = YES;
				CLANG_ENABLE_OBJC_WEAK = YES;
				CLANG_WARN_BLOCK_CAPTURE_AUTORELEASING = YES;
				CLANG_WARN_BOOL_CONVERSION = YES;
				CLANG_WARN_COMMA = YES;
				CLANG_WARN_CONSTANT_CONVERSION = YES;
				CLANG_WARN_DEPRECATED_OBJC_IMPLEMENTATIONS = YES;
				CLANG_WARN_DIRECT_OBJC_ISA_USAGE = YES_ERROR;
				CLANG_WARN_DOCUMENTATION_COMMENTS = YES;
				CLANG_WARN_EMPTY_BODY = YES;
				CLANG_WARN_ENUM_CONVERSION = YES;
				CLANG_WARN_INFINITE_RECURSION = YES;
				CLANG_WARN_INT_CONVERSION = YES;
				CLANG_WARN_NON_LITERAL_NULL_CONVERSION = YES;
				CLANG_WARN_OBJC_IMPLICIT_RETAIN_SELF = YES;
				CLANG_WARN_OBJC_LITERAL_CONVERSION = YES;
				CLANG_WARN_OBJC_ROOT_CLASS = YES_ERROR;
				CLANG_WARN_RANGE_LOOP_ANALYSIS = YES;
				CLANG_WARN_STRICT_PROTOTYPES = YES;
				CLANG_WARN_SUSPICIOUS_MOVE = YES;
				CLANG_WARN_UNGUARDED_AVAILABILITY = YES_AGGRESSIVE;
				CLANG_WARN_UNREACHABLE_CODE = YES;
				CLANG_WARN__DUPLICATE_METHOD_MATCH = YES;
				CODE_SIGN_IDENTITY = "iPhone Developer";
				COPY_PHASE_STRIP = NO;
				DEBUG_INFORMATION_FORMAT = "dwarf-with-dsym";
				ENABLE_NS_ASSERTIONS = NO;
				ENABLE_STRICT_OBJC_MSGSEND = YES;
				GCC_C_LANGUAGE_STANDARD = gnu11;
				GCC_NO_COMMON_BLOCKS = YES;
				GCC_WARN_64_TO_32_BIT_CONVERSION = YES;
				GCC_WARN_ABOUT_RETURN_TYPE = YES_ERROR;
				GCC_WARN_UNDECLARED_SELECTOR = YES;
				GCC_WARN_UNINITIALIZED_AUTOS = YES_AGGRESSIVE;
				GCC_WARN_UNUSED_FUNCTION = YES;
				GCC_WARN_UNUSED_VARIABLE = YES;
				IPHONEOS_DEPLOYMENT_TARGET = 12.2;
				MTL_ENABLE_DEBUG_INFO = NO;
				MTL_FAST_MATH = YES;
				SDKROOT = iphoneos;
				SWIFT_COMPILATION_MODE = wholemodule;
				SWIFT_OPTIMIZATION_LEVEL = "-O";
				VALIDATE_PRODUCT = YES;
			};
			name = Release;
		};
		B74F8AC923FC9ED400CDD9F1 /* Debug */ = {
			isa = XCBuildConfiguration;
			buildSettings = {
				ASSETCATALOG_COMPILER_APPICON_NAME = AppIcon;
				CODE_SIGN_STYLE = Automatic;
				INFOPLIST_FILE = firstGUI/Info.plist;
				LD_RUNPATH_SEARCH_PATHS = (
					"$(inherited)",
					"@executable_path/Frameworks",
				);
				PRODUCT_BUNDLE_IDENTIFIER = z88.firstGUI;
				PRODUCT_NAME = "$(TARGET_NAME)";
				SWIFT_VERSION = 5.0;
				TARGETED_DEVICE_FAMILY = "1,2";
			};
			name = Debug;
		};
		B74F8ACA23FC9ED400CDD9F1 /* Release */ = {
			isa = XCBuildConfiguration;
			buildSettings = {
				ASSETCATALOG_COMPILER_APPICON_NAME = AppIcon;
				CODE_SIGN_STYLE = Automatic;
				INFOPLIST_FILE = firstGUI/Info.plist;
				LD_RUNPATH_SEARCH_PATHS = (
					"$(inherited)",
					"@executable_path/Frameworks",
				);
				PRODUCT_BUNDLE_IDENTIFIER = z88.firstGUI;
				PRODUCT_NAME = "$(TARGET_NAME)";
				SWIFT_VERSION = 5.0;
				TARGETED_DEVICE_FAMILY = "1,2";
			};
			name = Release;
		};
/* End XCBuildConfiguration section */

/* Begin XCConfigurationList section */
		B74F8AB123FC9ED300CDD9F1 /* Build configuration list for PBXProject "firstGUI" */ = {
			isa = XCConfigurationList;
			buildConfigurations = (
				B74F8AC623FC9ED400CDD9F1 /* Debug */,
				B74F8AC723FC9ED400CDD9F1 /* Release */,
			);
			defaultConfigurationIsVisible = 0;
			defaultConfigurationName = Release;
		};
		B74F8AC823FC9ED400CDD9F1 /* Build configuration list for PBXNativeTarget "firstGUI" */ = {
			isa = XCConfigurationList;
			buildConfigurations = (
				B74F8AC923FC9ED400CDD9F1 /* Debug */,
				B74F8ACA23FC9ED400CDD9F1 /* Release */,
			);
			defaultConfigurationIsVisible = 0;
			defaultConfigurationName = Release;
		};
/* End XCConfigurationList section */
	};
	rootObject = B74F8AAE23FC9ED300CDD9F1 /* Project object */;
}
